
Microsoft Visual Studio Solution File, Format Version 12.00
# Visual Studio Version 17
VisualStudioVersion = 17.10.35027.167
MinimumVisualStudioVersion = 10.0.40219.1
Project("{FAE04EC0-301F-11D3-BF4B-00C04F79EFBC}") = "Assiment 6", "Assiment 6\Assiment 6.csproj", "{12599A85-071C-40E7-AD14-6AEFACF41857}"
EndProject
Global
	GlobalSection(SolutionConfigurationPlatforms) = preSolution
		Debug|Any CPU = Debug|Any CPU
		Release|Any CPU = Release|Any CPU
	EndGlobalSection
	GlobalSection(ProjectConfigurationPlatforms) = postSolution
		{12599A85-071C-40E7-AD14-6AEFACF41857}.Debug|Any CPU.ActiveCfg = Debug|Any CPU
		{12599A85-071C-40E7-AD14-6AEFACF41857}.Debug|Any CPU.Build.0 = Debug|Any CPU
		{12599A85-071C-40E7-AD14-6AEFACF41857}.Release|Any CPU.ActiveCfg = Release|Any CPU
		{12599A85-071C-40E7-AD14-6AEFACF41857}.Release|Any CPU.Build.0 = Release|Any CPU
	EndGlobalSection
	GlobalSection(SolutionProperties) = preSolution
		HideSolutionNode = FALSE
	EndGlobalSection
	GlobalSection(ExtensibilityGlobals) = postSolution
		SolutionGuid = {59967CE2-35AF-424D-A857-A466DADF7ED2}
	EndGlobalSection
EndGlobal
